<Solution>
  <Project Path="Deform.csproj" />
  <Project Path="DeformEditor.csproj" />
  <Project Path="Assembly-CSharp-Editor.csproj" />
  <Project Path="Beans.Unity.Editor.csproj" />
  <Project Path="Assembly-CSharp.csproj" />
  <Project Path="Beans.Unity.Mathematics.csproj" />
  <Project Path="Beans.Unity.Collections.csproj" />
</Solution>
